// !$*UTF8*$!
{
	archiveVersion = 1;
	classes = {
	};
	objectVersion = 51;
	objects = {

/* Begin PBXBuildFile section */
		1A1432C15FF8CC34A6AC427F /* Pods_SeeFood_IBM_Watson.framework in Frameworks */ = {isa = PBXBuildFile; fileRef = B892F6A9D11F51F2A9BBA9B0 /* Pods_SeeFood_IBM_Watson.framework */; };
		C031CCBE22BD148F000DF641 /* AppDelegate.swift in Sources */ = {isa = PBXBuildFile; fileRef = C031CCBD22BD148F000DF641 /* AppDelegate.swift */; };
		C031CCC022BD148F000DF641 /* ViewController.swift in Sources */ = {isa = PBXBuildFile; fileRef = C031CCBF22BD148F000DF641 /* ViewController.swift */; };
		C031CCC322BD148F000DF641 /* Main.storyboard in Resources */ = {isa = PBXBuildFile; fileRef = C031CCC122BD148F000DF641 /* Main.storyboard */; };
		C031CCC522BD1490000DF641 /* Assets.xcassets in Resources */ = {isa = PBXBuildFile; fileRef = C031CCC422BD1490000DF641 /* Assets.xcassets */; };
		C031CCC822BD1490000DF641 /* LaunchScreen.storyboard in Resources */ = {isa = PBXBuildFile; fileRef = C031CCC622BD1490000DF641 /* LaunchScreen.storyboard */; };
/* End PBXBuildFile section */

/* Begin PBXFileReference section */
		9BD36E0AD3752107E1E57EE0 /* Pods-SeeFood-IBM-Watson.release.xcconfig */ = {isa = PBXFileReference; includeInIndex = 1; lastKnownFileType = text.xcconfig; name = "Pods-SeeFood-IBM-Watson.release.xcconfig"; path = "Target Support Files/Pods-SeeFood-IBM-Watson/Pods-SeeFood-IBM-Watson.release.xcconfig"; sourceTree = "<group>"; };
		B892F6A9D11F51F2A9BBA9B0 /* Pods_SeeFood_IBM_Watson.framework */ = {isa = PBXFileReference; explicitFileType = wrapper.framework; includeInIndex = 0; path = Pods_SeeFood_IBM_Watson.framework; sourceTree = BUILT_PRODUCTS_DIR; };
		C031CCBA22BD148F000DF641 /* SeeFood-IBM-Watson.app */ = {isa = PBXFileReference; explicitFileType = wrapper.application; includeInIndex = 0; path = "SeeFood-IBM-Watson.app"; sourceTree = BUILT_PRODUCTS_DIR; };
		C031CCBD22BD148F000DF641 /* AppDelegate.swift */ = {isa = PBXFileReference; lastKnownFileType = sourcecode.swift; path = AppDelegate.swift; sourceTree = "<group>"; };
		C031CCBF22BD148F000DF641 /* ViewController.swift */ = {isa = PBXFileReference; lastKnownFileType = sourcecode.swift; path = ViewController.swift; sourceTree = "<group>"; };
		C031CCC222BD148F000DF641 /* Base */ = {isa = PBXFileReference; lastKnownFileType = file.storyboard; name = Base; path = Base.lproj/Main.storyboard; sourceTree = "<group>"; };
		C031CCC422BD1490000DF641 /* Assets.xcassets */ = {isa = PBXFileReference; lastKnownFileType = folder.assetcatalog; path = Assets.xcassets; sourceTree = "<group>"; };
		C031CCC722BD1490000DF641 /* Base */ = {isa = PBXFileReference; lastKnownFileType = file.storyboard; name = Base; path = Base.lproj/LaunchScreen.storyboard; sourceTree = "<group>"; };
		C031CCC922BD1490000DF641 /* Info.plist */ = {isa = PBXFileReference; lastKnownFileType = text.plist.xml; path = Info.plist; sourceTree = "<group>"; };
		CB9DD2614FEBCCFD6EF0E1FB /* Pods-SeeFood-IBM-Watson.debug.xcconfig */ = {isa = PBXFileReference; includeInIndex = 1; lastKnownFileType = text.xcconfig; name = "Pods-SeeFood-IBM-Watson.debug.xcconfig"; path = "Target Support Files/Pods-SeeFood-IBM-Watson/Pods-SeeFood-IBM-Watson.debug.xcconfig"; sourceTree = "<group>"; };
/* End PBXFileReference section */

/* Begin PBXFrameworksBuildPhase section */
		C031CCB722BD148F000DF641 /* Frameworks */ = {
			isa = PBXFrameworksBuildPhase;
			buildActionMask = 2147483647;
			files = (
				1A1432C15FF8CC34A6AC427F /* Pods_SeeFood_IBM_Watson.framework in Frameworks */,
			);
			runOnlyForDeploymentPostprocessing = 0;
		};
/* End PBXFrameworksBuildPhase section */

/* Begin PBXGroup section */
		2269024218FA818A6E8069F7 /* Pods */ = {
			isa = PBXGroup;
			children = (
				CB9DD2614FEBCCFD6EF0E1FB /* Pods-SeeFood-IBM-Watson.debug.xcconfig */,
				9BD36E0AD3752107E1E57EE0 /* Pods-SeeFood-IBM-Watson.release.xcconfig */,
			);
			path = Pods;
			sourceTree = "<group>";
		};
		8B6300AAD28470D62729CB05 /* Frameworks */ = {
			isa = PBXGroup;
			children = (
				B892F6A9D11F51F2A9BBA9B0 /* Pods_SeeFood_IBM_Watson.framework */,
			);
			name = Frameworks;
			sourceTree = "<group>";
		};
		C031CCB122BD148F000DF641 = {
			isa = PBXGroup;
			children = (
				C031CCBC22BD148F000DF641 /* SeeFood-IBM-Watson */,
				C031CCBB22BD148F000DF641 /* Products */,
				2269024218FA818A6E8069F7 /* Pods */,
				8B6300AAD28470D62729CB05 /* Frameworks */,
			);
			sourceTree = "<group>";
		};
		C031CCBB22BD148F000DF641 /* Products */ = {
			isa = PBXGroup;
			children = (
				C031CCBA22BD148F000DF641 /* SeeFood-IBM-Watson.app */,
			);
			name = Products;
			sourceTree = "<group>";
		};
		C031CCBC22BD148F000DF641 /* SeeFood-IBM-Watson */ = {
			isa = PBXGroup;
			children = (
				C031CCBD22BD148F000DF641 /* AppDelegate.swift */,
				C031CCBF22BD148F000DF641 /* ViewController.swift */,
				C031CCC122BD148F000DF641 /* Main.storyboard */,
				C031CCC422BD1490000DF641 /* Assets.xcassets */,
				C031CCC622BD1490000DF641 /* LaunchScreen.storyboard */,
				C031CCC922BD1490000DF641 /* Info.plist */,
			);
			path = "SeeFood-IBM-Watson";
			sourceTree = "<group>";
		};
/* End PBXGroup section */

/* Begin PBXNativeTarget section */
		C031CCB922BD148F000DF641 /* SeeFood-IBM-Watson */ = {
			isa = PBXNativeTarget;
			buildConfigurationList = C031CCCC22BD1490000DF641 /* Build configuration list for PBXNativeTarget "SeeFood-IBM-Watson" */;
			buildPhases = (
				85B2E989D6DDB3A51E4942D7 /* [CP] Check Pods Manifest.lock */,
				C031CCB622BD148F000DF641 /* Sources */,
				C031CCB722BD148F000DF641 /* Frameworks */,
				C031CCB822BD148F000DF641 /* Resources */,
				1FBA1363E16D57D33313AAEB /* [CP] Embed Pods Frameworks */,
			);
			buildRules = (
			);
			dependencies = (
			);
			name = "SeeFood-IBM-Watson";
			productName = "SeeFood-IBM-Watson";
			productReference = C031CCBA22BD148F000DF641 /* SeeFood-IBM-Watson.app */;
			productType = "com.apple.product-type.application";
		};
/* End PBXNativeTarget section */

/* Begin PBXProject section */
		C031CCB222BD148F000DF641 /* Project object */ = {
			isa = PBXProject;
			attributes = {
				LastSwiftUpdateCheck = 1020;
				LastUpgradeCheck = 1020;
				ORGANIZATIONNAME = "Aivaras Gustys";
				TargetAttributes = {
					C031CCB922BD148F000DF641 = {
						CreatedOnToolsVersion = 10.2.1;
					};
				};
			};
			buildConfigurationList = C031CCB522BD148F000DF641 /* Build configuration list for PBXProject "SeeFood-IBM-Watson" */;
			compatibilityVersion = "Xcode 9.3";
			developmentRegion = en;
			hasScannedForEncodings = 0;
			knownRegions = (
				en,
				Base,
			);
			mainGroup = C031CCB122BD148F000DF641;
			productRefGroup = C031CCBB22BD148F000DF641 /* Products */;
			projectDirPath = "";
			projectRoot = "";
			targets = (
				C031CCB922BD148F000DF641 /* SeeFood-IBM-Watson */,
			);
		};
/* End PBXProject section */

/* Begin PBXResourcesBuildPhase section */
		C031CCB822BD148F000DF641 /* Resources */ = {
			isa = PBXResourcesBuildPhase;
			buildActionMask = 2147483647;
			files = (
				C031CCC822BD1490000DF641 /* LaunchScreen.storyboard in Resources */,
				C031CCC522BD1490000DF641 /* Assets.xcassets in Resources */,
				C031CCC322BD148F000DF641 /* Main.storyboard in Resources */,
			);
			runOnlyForDeploymentPostprocessing = 0;
		};
/* End PBXResourcesBuildPhase section */

/* Begin PBXShellScriptBuildPhase section */
		1FBA1363E16D57D33313AAEB /* [CP] Embed Pods Frameworks */ = {
			isa = PBXShellScriptBuildPhase;
			buildActionMask = 2147483647;
			files = (
			);
			inputFileListPaths = (
				"${PODS_ROOT}/Target Support Files/Pods-SeeFood-IBM-Watson/Pods-SeeFood-IBM-Watson-frameworks-${CONFIGURATION}-input-files.xcfilelist",
			);
			name = "[CP] Embed Pods Frameworks";
			outputFileListPaths = (
				"${PODS_ROOT}/Target Support Files/Pods-SeeFood-IBM-Watson/Pods-SeeFood-IBM-Watson-frameworks-${CONFIGURATION}-output-files.xcfilelist",
			);
			runOnlyForDeploymentPostprocessing = 0;
			shellPath = /bin/sh;
			shellScript = "\"${PODS_ROOT}/Target Support Files/Pods-SeeFood-IBM-Watson/Pods-SeeFood-IBM-Watson-frameworks.sh\"\n";
			showEnvVarsInLog = 0;
		};
		85B2E989D6DDB3A51E4942D7 /* [CP] Check Pods Manifest.lock */ = {
			isa = PBXShellScriptBuildPhase;
			buildActionMask = 2147483647;
			files = (
			);
			inputFileListPaths = (
			);
			inputPaths = (
				"${PODS_PODFILE_DIR_PATH}/Podfile.lock",
				"${PODS_ROOT}/Manifest.lock",
			);
			name = "[CP] Check Pods Manifest.lock";
			outputFileListPaths = (
			);
			outputPaths = (
				"$(DERIVED_FILE_DIR)/Pods-SeeFood-IBM-Watson-checkManifestLockResult.txt",
			);
			runOnlyForDeploymentPostprocessing = 0;
			shellPath = /bin/sh;
			shellScript = "diff \"${PODS_PODFILE_DIR_PATH}/Podfile.lock\" \"${PODS_ROOT}/Manifest.lock\" > /dev/null\nif [ $? != 0 ] ; then\n    # print error to STDERR\n    echo \"error: The sandbox is not in sync with the Podfile.lock. Run 'pod install' or update your CocoaPods installation.\" >&2\n    exit 1\nfi\n# This output is used by Xcode 'outputs' to avoid re-running this script phase.\necho \"SUCCESS\" > \"${SCRIPT_OUTPUT_FILE_0}\"\n";
			showEnvVarsInLog = 0;
		};
/* End PBXShellScriptBuildPhase section */

/* Begin PBXSourcesBuildPhase section */
		C031CCB622BD148F000DF641 /* Sources */ = {
			isa = PBXSourcesBuildPhase;
			buildActionMask = 2147483647;
			files = (
				C031CCC022BD148F000DF641 /* ViewController.swift in Sources */,
				C031CCBE22BD148F000DF641 /* AppDelegate.swift in Sources */,
			);
			runOnlyForDeploymentPostprocessing = 0;
		};
/* End PBXSourcesBuildPhase section */

/* Begin PBXVariantGroup section */
		C031CCC122BD148F000DF641 /* Main.storyboard */ = {
			isa = PBXVariantGroup;
			children = (
				C031CCC222BD148F000DF641 /* Base */,
			);
			name = Main.storyboard;
			sourceTree = "<group>";
		};
		C031CCC622BD1490000DF641 /* LaunchScreen.storyboard */ = {
			isa = PBXVariantGroup;
			children = (
				C031CCC722BD1490000DF641 /* Base */,
			);
			name = LaunchScreen.storyboard;
			sourceTree = "<group>";
		};
/* End PBXVariantGroup section */

/* Begin XCBuildConfiguration section */
		C031CCCA22BD1490000DF641 /* Debug */ = {
			isa = XCBuildConfiguration;
			buildSettings = {
				ALWAYS_SEARCH_USER_PATHS = NO;
				CLANG_ANALYZER_NONNULL = YES;
				CLANG_ANALYZER_NUMBER_OBJECT_CONVERSION = YES_AGGRESSIVE;
				CLANG_CXX_LANGUAGE_STANDARD = "gnu++14";
				CLANG_CXX_LIBRARY = "libc++";
				CLANG_ENABLE_MODULES = YES;
				CLANG_ENABLE_OBJC_ARC = YES;
				CLANG_ENABLE_OBJC_WEAK = YES;
				CLANG_WARN_BLOCK_CAPTURE_AUTORELEASING = YES;
				CLANG_WARN_BOOL_CONVERSION = YES;
				CLANG_WARN_COMMA = YES;
				CLANG_WARN_CONSTANT_CONVERSION = YES;
				CLANG_WARN_DEPRECATED_OBJC_IMPLEMENTATIONS = YES;
				CLANG_WARN_DIRECT_OBJC_ISA_USAGE = YES_ERROR;
				CLANG_WARN_DOCUMENTATION_COMMENTS = YES;
				CLANG_WARN_EMPTY_BODY = YES;
				CLANG_WARN_ENUM_CONVERSION = YES;
				CLANG_WARN_INFINITE_RECURSION = YES;
				CLANG_WARN_INT_CONVERSION = YES;
				CLANG_WARN_NON_LITERAL_NULL_CONVERSION = YES;
				CLANG_WARN_OBJC_IMPLICIT_RETAIN_SELF = YES;
				CLANG_WARN_OBJC_LITERAL_CONVERSION = YES;
				CLANG_WARN_OBJC_ROOT_CLASS = YES_ERROR;
				CLANG_WARN_RANGE_LOOP_ANALYSIS = YES;
				CLANG_WARN_STRICT_PROTOTYPES = YES;
				CLANG_WARN_SUSPICIOUS_MOVE = YES;
				CLANG_WARN_UNGUARDED_AVAILABILITY = YES_AGGRESSIVE;
				CLANG_WARN_UNREACHABLE_CODE = YES;
				CLANG_WARN__DUPLICATE_METHOD_MATCH = YES;
				CODE_SIGN_IDENTITY = "iPhone Developer";
				COPY_PHASE_STRIP = NO;
				DEBUG_INFORMATION_FORMAT = dwarf;
				ENABLE_STRICT_OBJC_MSGSEND = YES;
				ENABLE_TESTABILITY = YES;
				GCC_C_LANGUAGE_STANDARD = gnu11;
				GCC_DYNAMIC_NO_PIC = NO;
				GCC_NO_COMMON_BLOCKS = YES;
				GCC_OPTIMIZATION_LEVEL = 0;
				GCC_PREPROCESSOR_DEFINITIONS = (
					"DEBUG=1",
					"$(inherited)",
				);
				GCC_WARN_64_TO_32_BIT_CONVERSION = YES;
				GCC_WARN_ABOUT_RETURN_TYPE = YES_ERROR;
				GCC_WARN_UNDECLARED_SELECTOR = YES;
				GCC_WARN_UNINITIALIZED_AUTOS = YES_AGGRESSIVE;
				GCC_WARN_UNUSED_FUNCTION = YES;
				GCC_WARN_UNUSED_VARIABLE = YES;
				IPHONEOS_DEPLOYMENT_TARGET = 12.2;
				MTL_ENABLE_DEBUG_INFO = INCLUDE_SOURCE;
				MTL_FAST_MATH = YES;
				ONLY_ACTIVE_ARCH = YES;
				SDKROOT = iphoneos;
				SWIFT_ACTIVE_COMPILATION_CONDITIONS = DEBUG;
				SWIFT_OPTIMIZATION_LEVEL = "-Onone";
			};
			name = Debug;
		};
		C031CCCB22BD1490000DF641 /* Release */ = {
			isa = XCBuildConfiguration;
			buildSettings = {
				ALWAYS_SEARCH_USER_PATHS = NO;
				CLANG_ANALYZER_NONNULL = YES;
				CLANG_ANALYZER_NUMBER_OBJECT_CONVERSION = YES_AGGRESSIVE;
				CLANG_CXX_LANGUAGE_STANDARD = "gnu++14";
				CLANG_CXX_LIBRARY = "libc++";
				CLANG_ENABLE_MODULES = YES;
				CLANG_ENABLE_OBJC_ARC = YES;
				CLANG_ENABLE_OBJC_WEAK = YES;
				CLANG_WARN_BLOCK_CAPTURE_AUTORELEASING = YES;
				CLANG_WARN_BOOL_CONVERSION = YES;
				CLANG_WARN_COMMA = YES;
				CLANG_WARN_CONSTANT_CONVERSION = YES;
				CLANG_WARN_DEPRECATED_OBJC_IMPLEMENTATIONS = YES;
				CLANG_WARN_DIRECT_OBJC_ISA_USAGE = YES_ERROR;
				CLANG_WARN_DOCUMENTATION_COMMENTS = YES;
				CLANG_WARN_EMPTY_BODY = YES;
				CLANG_WARN_ENUM_CONVERSION = YES;
				CLANG_WARN_INFINITE_RECURSION = YES;
				CLANG_WARN_INT_CONVERSION = YES;
				CLANG_WARN_NON_LITERAL_NULL_CONVERSION = YES;
				CLANG_WARN_OBJC_IMPLICIT_RETAIN_SELF = YES;
				CLANG_WARN_OBJC_LITERAL_CONVERSION = YES;
				CLANG_WARN_OBJC_ROOT_CLASS = YES_ERROR;
				CLANG_WARN_RANGE_LOOP_ANALYSIS = YES;
				CLANG_WARN_STRICT_PROTOTYPES = YES;
				CLANG_WARN_SUSPICIOUS_MOVE = YES;
				CLANG_WARN_UNGUARDED_AVAILABILITY = YES_AGGRESSIVE;
				CLANG_WARN_UNREACHABLE_CODE = YES;
				CLANG_WARN__DUPLICATE_METHOD_MATCH = YES;
				CODE_SIGN_IDENTITY = "iPhone Developer";
				COPY_PHASE_STRIP = NO;
				DEBUG_INFORMATION_FORMAT = "dwarf-with-dsym";
				ENABLE_NS_ASSERTIONS = NO;
				ENABLE_STRICT_OBJC_MSGSEND = YES;
				GCC_C_LANGUAGE_STANDARD = gnu11;
				GCC_NO_COMMON_BLOCKS = YES;
				GCC_WARN_64_TO_32_BIT_CONVERSION = YES;
				GCC_WARN_ABOUT_RETURN_TYPE = YES_ERROR;
				GCC_WARN_UNDECLARED_SELECTOR = YES;
				GCC_WARN_UNINITIALIZED_AUTOS = YES_AGGRESSIVE;
				GCC_WARN_UNUSED_FUNCTION = YES;
				GCC_WARN_UNUSED_VARIABLE = YES;
				IPHONEOS_DEPLOYMENT_TARGET = 12.2;
				MTL_ENABLE_DEBUG_INFO = NO;
				MTL_FAST_MATH = YES;
				SDKROOT = iphoneos;
				SWIFT_COMPILATION_MODE = wholemodule;
				SWIFT_OPTIMIZATION_LEVEL = "-O";
				VALIDATE_PRODUCT = YES;
			};
			name = Release;
		};
		C031CCCD22BD1490000DF641 /* Debug */ = {
			isa = XCBuildConfiguration;
			baseConfigurationReference = CB9DD2614FEBCCFD6EF0E1FB /* Pods-SeeFood-IBM-Watson.debug.xcconfig */;
			buildSettings = {
				ASSETCATALOG_COMPILER_APPICON_NAME = AppIcon;
				CODE_SIGN_STYLE = Automatic;
				DEVELOPMENT_TEAM = Z7Q477F69Q;
				INFOPLIST_FILE = "SeeFood-IBM-Watson/Info.plist";
				LD_RUNPATH_SEARCH_PATHS = (
					"$(inherited)",
					"@executable_path/Frameworks",
				);
				PRODUCT_BUNDLE_IDENTIFIER = "com.aivarasgustys.SeeFood-IBM-Watson";
				PRODUCT_NAME = "$(TARGET_NAME)";
				SWIFT_VERSION = 5.0;
				TARGETED_DEVICE_FAMILY = "1,2";
			};
			name = Debug;
		};
		C031CCCE22BD1490000DF641 /* Release */ = {
			isa = XCBuildConfiguration;
			baseConfigurationReference = 9BD36E0AD3752107E1E57EE0 /* Pods-SeeFood-IBM-Watson.release.xcconfig */;
			buildSettings = {
				ASSETCATALOG_COMPILER_APPICON_NAME = AppIcon;
				CODE_SIGN_STYLE = Automatic;
				DEVELOPMENT_TEAM = Z7Q477F69Q;
				INFOPLIST_FILE = "SeeFood-IBM-Watson/Info.plist";
				LD_RUNPATH_SEARCH_PATHS = (
					"$(inherited)",
					"@executable_path/Frameworks",
				);
				PRODUCT_BUNDLE_IDENTIFIER = "com.aivarasgustys.SeeFood-IBM-Watson";
				PRODUCT_NAME = "$(TARGET_NAME)";
				SWIFT_VERSION = 5.0;
				TARGETED_DEVICE_FAMILY = "1,2";
			};
			name = Release;
		};
/* End XCBuildConfiguration section */

/* Begin XCConfigurationList section */
		C031CCB522BD148F000DF641 /* Build configuration list for PBXProject "SeeFood-IBM-Watson" */ = {
			isa = XCConfigurationList;
			buildConfigurations = (
				C031CCCA22BD1490000DF641 /* Debug */,
				C031CCCB22BD1490000DF641 /* Release */,
			);
			defaultConfigurationIsVisible = 0;
			defaultConfigurationName = Release;
		};
		C031CCCC22BD1490000DF641 /* Build configuration list for PBXNativeTarget "SeeFood-IBM-Watson" */ = {
			isa = XCConfigurationList;
			buildConfigurations = (
				C031CCCD22BD1490000DF641 /* Debug */,
				C031CCCE22BD1490000DF641 /* Release */,
			);
			defaultConfigurationIsVisible = 0;
			defaultConfigurationName = Release;
		};
/* End XCConfigurationList section */
	};
	rootObject = C031CCB222BD148F000DF641 /* Project object */;
}
